// !$*UTF8*$!
{
	archiveVersion = 1;
	classes = {
	};
	objectVersion = 50;
	objects = {

/* Begin PBXBuildFile section */
		1800154A21C266BA008E0652 /* MemoryView.swift in Sources */ = {isa = PBXBuildFile; fileRef = 1800154921C266BA008E0652 /* MemoryView.swift */; };
		1800154C21C266CA008E0652 /* MemoryTable.swift in Sources */ = {isa = PBXBuildFile; fileRef = 1800154B21C266CA008E0652 /* MemoryTable.swift */; };
		180CDFF821B653C000D8EC17 /* AppDelegate.swift in Sources */ = {isa = PBXBuildFile; fileRef = 180CDFF721B653C000D8EC17 /* AppDelegate.swift */; };
		180CDFFD21B653C000D8EC17 /* Main.storyboard in Resources */ = {isa = PBXBuildFile; fileRef = 180CDFFB21B653C000D8EC17 /* Main.storyboard */; };
		180CDFFF21B653C000D8EC17 /* Assets.xcassets in Resources */ = {isa = PBXBuildFile; fileRef = 180CDFFE21B653C000D8EC17 /* Assets.xcassets */; };
		180CE00221B653C000D8EC17 /* LaunchScreen.storyboard in Resources */ = {isa = PBXBuildFile; fileRef = 180CE00021B653C000D8EC17 /* LaunchScreen.storyboard */; };
		1824802621BA2289008EA58C /* RightMenuView.swift in Sources */ = {isa = PBXBuildFile; fileRef = 1824802521BA2289008EA58C /* RightMenuView.swift */; };
		1824802821BA397F008EA58C /* CoverView.swift in Sources */ = {isa = PBXBuildFile; fileRef = 1824802721BA397F008EA58C /* CoverView.swift */; };
		1824802A21BA3D63008EA58C /* BackgroundOptionalTable.swift in Sources */ = {isa = PBXBuildFile; fileRef = 1824802921BA3D63008EA58C /* BackgroundOptionalTable.swift */; };
		1824802C21BA462E008EA58C /* AllWallBackground.swift in Sources */ = {isa = PBXBuildFile; fileRef = 1824802B21BA462E008EA58C /* AllWallBackground.swift */; };
		185EF2C221BC16DB00D98E29 /* RootView.swift in Sources */ = {isa = PBXBuildFile; fileRef = 185EF2C121BC16DB00D98E29 /* RootView.swift */; };
		185EF2C621BC266A00D98E29 /* BackgroundConfigurationView.swift in Sources */ = {isa = PBXBuildFile; fileRef = 185EF2C521BC266A00D98E29 /* BackgroundConfigurationView.swift */; };
		185EF2CA21BC2A8100D98E29 /* RightMenuMainView.swift in Sources */ = {isa = PBXBuildFile; fileRef = 185EF2C921BC2A8100D98E29 /* RightMenuMainView.swift */; };
		185EF2CD21BC2D9F00D98E29 /* RightMenuButton.swift in Sources */ = {isa = PBXBuildFile; fileRef = 185EF2CC21BC2D9F00D98E29 /* RightMenuButton.swift */; };
		185EF2CF21BC36D100D98E29 /* RightMenuBranchView.swift in Sources */ = {isa = PBXBuildFile; fileRef = 185EF2CE21BC36D100D98E29 /* RightMenuBranchView.swift */; };
		185EF2D121BCDAFF00D98E29 /* FontConfigurationView.swift in Sources */ = {isa = PBXBuildFile; fileRef = 185EF2D021BCDAFF00D98E29 /* FontConfigurationView.swift */; };
		185EF2D421BCE09400D98E29 /* AllFont.swift in Sources */ = {isa = PBXBuildFile; fileRef = 185EF2D321BCE09400D98E29 /* AllFont.swift */; };
		185EF2D621BCE38800D98E29 /* FontOptionalTable.swift in Sources */ = {isa = PBXBuildFile; fileRef = 185EF2D521BCE38800D98E29 /* FontOptionalTable.swift */; };
		185EF2D821BCE40600D98E29 /* RightMenuTable.swift in Sources */ = {isa = PBXBuildFile; fileRef = 185EF2D721BCE40600D98E29 /* RightMenuTable.swift */; };
		185EF2DA21BCE5FA00D98E29 /* TableData.swift in Sources */ = {isa = PBXBuildFile; fileRef = 185EF2D921BCE5FA00D98E29 /* TableData.swift */; };
		1868A4AF21C3A7E1009B316F /* ShareView.swift in Sources */ = {isa = PBXBuildFile; fileRef = 1868A4AE21C3A7E1009B316F /* ShareView.swift */; };
		1896068D21BEC3CB00D7504A /* RecycleBinView.swift in Sources */ = {isa = PBXBuildFile; fileRef = 1896068C21BEC3CB00D7504A /* RecycleBinView.swift */; };
		1896068F21BEC41300D7504A /* RecycleBinTable.swift in Sources */ = {isa = PBXBuildFile; fileRef = 1896068E21BEC41300D7504A /* RecycleBinTable.swift */; };
		1896069221BEC52800D7504A /* RecycleBin.swift in Sources */ = {isa = PBXBuildFile; fileRef = 1896069121BEC52800D7504A /* RecycleBin.swift */; };
		18B287C021B6ABA80059A007 /* DragNoteViewController.swift in Sources */ = {isa = PBXBuildFile; fileRef = 18B287BF21B6ABA80059A007 /* DragNoteViewController.swift */; };
		18B287C221B6AC0B0059A007 /* DragNoteView.swift in Sources */ = {isa = PBXBuildFile; fileRef = 18B287C121B6AC0B0059A007 /* DragNoteView.swift */; };
		18B287C421B6E4E70059A007 /* Note.swift in Sources */ = {isa = PBXBuildFile; fileRef = 18B287C321B6E4E70059A007 /* Note.swift */; };
		18C050CB21BD2FF400FCF31A /* AllNoteBackground.swift in Sources */ = {isa = PBXBuildFile; fileRef = 18C050CA21BD2FF400FCF31A /* AllNoteBackground.swift */; };
		18C050CD21BD30A600FCF31A /* NoteBackgroundConfigurationView.swift in Sources */ = {isa = PBXBuildFile; fileRef = 18C050CC21BD30A600FCF31A /* NoteBackgroundConfigurationView.swift */; };
		18C050D021BD311E00FCF31A /* NoteBackgroundOptionalTable.swift in Sources */ = {isa = PBXBuildFile; fileRef = 18C050CF21BD311E00FCF31A /* NoteBackgroundOptionalTable.swift */; };
		18C050D221BD3C2200FCF31A /* RightMenuLabel.swift in Sources */ = {isa = PBXBuildFile; fileRef = 18C050D121BD3C2200FCF31A /* RightMenuLabel.swift */; };
		18C050D721BD5F6200FCF31A /* Localizable.strings in Resources */ = {isa = PBXBuildFile; fileRef = 18C050D921BD5F6200FCF31A /* Localizable.strings */; };
		18C050DC21BD766500FCF31A /* heibanbao.TTF in Resources */ = {isa = PBXBuildFile; fileRef = 18C050DB21BD766500FCF31A /* heibanbao.TTF */; };
		18C050DF21BD7D9400FCF31A /* InfoPlist.strings in Resources */ = {isa = PBXBuildFile; fileRef = 18C050E121BD7D9400FCF31A /* InfoPlist.strings */; };
		18D1673521BE35D60052FC07 /* LanguageConfigurationView.swift in Sources */ = {isa = PBXBuildFile; fileRef = 18D1673421BE35D60052FC07 /* LanguageConfigurationView.swift */; };
		18D1673821BE35FE0052FC07 /* LanguageOptionalTable.swift in Sources */ = {isa = PBXBuildFile; fileRef = 18D1673721BE35FE0052FC07 /* LanguageOptionalTable.swift */; };
		18D1673A21BE372F0052FC07 /* AllLanguage.swift in Sources */ = {isa = PBXBuildFile; fileRef = 18D1673921BE372F0052FC07 /* AllLanguage.swift */; };
		18D7E2EF21B8048F00C5C966 /* WallView.swift in Sources */ = {isa = PBXBuildFile; fileRef = 18D7E2EE21B8048F00C5C966 /* WallView.swift */; };
		18D7E2F121B8F35600C5C966 /* Theme.swift in Sources */ = {isa = PBXBuildFile; fileRef = 18D7E2F021B8F35600C5C966 /* Theme.swift */; };
		18D7E30521B95C3400C5C966 /* xindi.TTF in Resources */ = {isa = PBXBuildFile; fileRef = 18D7E30421B95C3400C5C966 /* xindi.TTF */; };
		18D7E30721B95D7B00C5C966 /* myWorld.TTF in Resources */ = {isa = PBXBuildFile; fileRef = 18D7E30621B95D7B00C5C966 /* myWorld.TTF */; };
		18D7E30921B95F8200C5C966 /* taotao.TTF in Resources */ = {isa = PBXBuildFile; fileRef = 18D7E30821B95F8200C5C966 /* taotao.TTF */; };
		18DEA53921BFBB6A000A0C65 /* hanyi.TTF in Resources */ = {isa = PBXBuildFile; fileRef = 18DEA53821BFBB6A000A0C65 /* hanyi.TTF */; };
		18E455EB21B77AEE00C9315D /* NoteWall.swift in Sources */ = {isa = PBXBuildFile; fileRef = 18E455EA21B77AEE00C9315D /* NoteWall.swift */; };
/* End PBXBuildFile section */

/* Begin PBXFileReference section */
		1800154921C266BA008E0652 /* MemoryView.swift */ = {isa = PBXFileReference; lastKnownFileType = sourcecode.swift; path = MemoryView.swift; sourceTree = "<group>"; };
		1800154B21C266CA008E0652 /* MemoryTable.swift */ = {isa = PBXFileReference; lastKnownFileType = sourcecode.swift; path = MemoryTable.swift; sourceTree = "<group>"; };
		180CDFF421B653C000D8EC17 /* Yeah Done!.app */ = {isa = PBXFileReference; explicitFileType = wrapper.application; includeInIndex = 0; path = "Yeah Done!.app"; sourceTree = BUILT_PRODUCTS_DIR; };
		180CDFF721B653C000D8EC17 /* AppDelegate.swift */ = {isa = PBXFileReference; lastKnownFileType = sourcecode.swift; path = AppDelegate.swift; sourceTree = "<group>"; };
		180CDFFC21B653C000D8EC17 /* Base */ = {isa = PBXFileReference; lastKnownFileType = file.storyboard; name = Base; path = Base.lproj/Main.storyboard; sourceTree = "<group>"; };
		180CDFFE21B653C000D8EC17 /* Assets.xcassets */ = {isa = PBXFileReference; lastKnownFileType = folder.assetcatalog; path = Assets.xcassets; sourceTree = "<group>"; };
		180CE00121B653C000D8EC17 /* Base */ = {isa = PBXFileReference; lastKnownFileType = file.storyboard; name = Base; path = Base.lproj/LaunchScreen.storyboard; sourceTree = "<group>"; };
		180CE00321B653C000D8EC17 /* Info.plist */ = {isa = PBXFileReference; lastKnownFileType = text.plist.xml; path = Info.plist; sourceTree = "<group>"; };
		1824802521BA2289008EA58C /* RightMenuView.swift */ = {isa = PBXFileReference; lastKnownFileType = sourcecode.swift; path = RightMenuView.swift; sourceTree = "<group>"; };
		1824802721BA397F008EA58C /* CoverView.swift */ = {isa = PBXFileReference; lastKnownFileType = sourcecode.swift; path = CoverView.swift; sourceTree = "<group>"; };
		1824802921BA3D63008EA58C /* BackgroundOptionalTable.swift */ = {isa = PBXFileReference; lastKnownFileType = sourcecode.swift; path = BackgroundOptionalTable.swift; sourceTree = "<group>"; };
		1824802B21BA462E008EA58C /* AllWallBackground.swift */ = {isa = PBXFileReference; lastKnownFileType = sourcecode.swift; path = AllWallBackground.swift; sourceTree = "<group>"; };
		185EF2C121BC16DB00D98E29 /* RootView.swift */ = {isa = PBXFileReference; lastKnownFileType = sourcecode.swift; path = RootView.swift; sourceTree = "<group>"; };
		185EF2C521BC266A00D98E29 /* BackgroundConfigurationView.swift */ = {isa = PBXFileReference; lastKnownFileType = sourcecode.swift; path = BackgroundConfigurationView.swift; sourceTree = "<group>"; };
		185EF2C921BC2A8100D98E29 /* RightMenuMainView.swift */ = {isa = PBXFileReference; lastKnownFileType = sourcecode.swift; path = RightMenuMainView.swift; sourceTree = "<group>"; };
		185EF2CC21BC2D9F00D98E29 /* RightMenuButton.swift */ = {isa = PBXFileReference; lastKnownFileType = sourcecode.swift; path = RightMenuButton.swift; sourceTree = "<group>"; };
		185EF2CE21BC36D100D98E29 /* RightMenuBranchView.swift */ = {isa = PBXFileReference; lastKnownFileType = sourcecode.swift; path = RightMenuBranchView.swift; sourceTree = "<group>"; };
		185EF2D021BCDAFF00D98E29 /* FontConfigurationView.swift */ = {isa = PBXFileReference; lastKnownFileType = sourcecode.swift; path = FontConfigurationView.swift; sourceTree = "<group>"; };
		185EF2D321BCE09400D98E29 /* AllFont.swift */ = {isa = PBXFileReference; lastKnownFileType = sourcecode.swift; path = AllFont.swift; sourceTree = "<group>"; };
		185EF2D521BCE38800D98E29 /* FontOptionalTable.swift */ = {isa = PBXFileReference; lastKnownFileType = sourcecode.swift; path = FontOptionalTable.swift; sourceTree = "<group>"; };
		185EF2D721BCE40600D98E29 /* RightMenuTable.swift */ = {isa = PBXFileReference; lastKnownFileType = sourcecode.swift; path = RightMenuTable.swift; sourceTree = "<group>"; };
		185EF2D921BCE5FA00D98E29 /* TableData.swift */ = {isa = PBXFileReference; lastKnownFileType = sourcecode.swift; path = TableData.swift; sourceTree = "<group>"; };
		1868A4AE21C3A7E1009B316F /* ShareView.swift */ = {isa = PBXFileReference; lastKnownFileType = sourcecode.swift; path = ShareView.swift; sourceTree = "<group>"; };
		18807D6B21BE8F830014FA23 /* ja */ = {isa = PBXFileReference; lastKnownFileType = text.plist.strings; name = ja; path = ja.lproj/InfoPlist.strings; sourceTree = "<group>"; };
		18807D6C21BE8F830014FA23 /* ja */ = {isa = PBXFileReference; lastKnownFileType = text.plist.strings; name = ja; path = ja.lproj/Localizable.strings; sourceTree = "<group>"; };
		18807D6D21BE9B630014FA23 /* zh-Hant */ = {isa = PBXFileReference; lastKnownFileType = text.plist.strings; name = "zh-Hant"; path = "zh-Hant.lproj/InfoPlist.strings"; sourceTree = "<group>"; };
		18807D6E21BE9B630014FA23 /* zh-Hant */ = {isa = PBXFileReference; lastKnownFileType = text.plist.strings; name = "zh-Hant"; path = "zh-Hant.lproj/Localizable.strings"; sourceTree = "<group>"; };
		1896068C21BEC3CB00D7504A /* RecycleBinView.swift */ = {isa = PBXFileReference; lastKnownFileType = sourcecode.swift; path = RecycleBinView.swift; sourceTree = "<group>"; };
		1896068E21BEC41300D7504A /* RecycleBinTable.swift */ = {isa = PBXFileReference; lastKnownFileType = sourcecode.swift; path = RecycleBinTable.swift; sourceTree = "<group>"; };
		1896069121BEC52800D7504A /* RecycleBin.swift */ = {isa = PBXFileReference; lastKnownFileType = sourcecode.swift; path = RecycleBin.swift; sourceTree = "<group>"; };
		18B287BF21B6ABA80059A007 /* DragNoteViewController.swift */ = {isa = PBXFileReference; lastKnownFileType = sourcecode.swift; path = DragNoteViewController.swift; sourceTree = "<group>"; };
		18B287C121B6AC0B0059A007 /* DragNoteView.swift */ = {isa = PBXFileReference; lastKnownFileType = sourcecode.swift; path = DragNoteView.swift; sourceTree = "<group>"; };
		18B287C321B6E4E70059A007 /* Note.swift */ = {isa = PBXFileReference; lastKnownFileType = sourcecode.swift; path = Note.swift; sourceTree = "<group>"; };
		18C050CA21BD2FF400FCF31A /* AllNoteBackground.swift */ = {isa = PBXFileReference; lastKnownFileType = sourcecode.swift; path = AllNoteBackground.swift; sourceTree = "<group>"; };
		18C050CC21BD30A600FCF31A /* NoteBackgroundConfigurationView.swift */ = {isa = PBXFileReference; lastKnownFileType = sourcecode.swift; path = NoteBackgroundConfigurationView.swift; sourceTree = "<group>"; };
		18C050CF21BD311E00FCF31A /* NoteBackgroundOptionalTable.swift */ = {isa = PBXFileReference; lastKnownFileType = sourcecode.swift; path = NoteBackgroundOptionalTable.swift; sourceTree = "<group>"; };
		18C050D121BD3C2200FCF31A /* RightMenuLabel.swift */ = {isa = PBXFileReference; lastKnownFileType = sourcecode.swift; path = RightMenuLabel.swift; sourceTree = "<group>"; };
		18C050D821BD5F6200FCF31A /* en */ = {isa = PBXFileReference; lastKnownFileType = text.plist.strings; name = en; path = en.lproj/Localizable.strings; sourceTree = "<group>"; };
		18C050DA21BD5FAD00FCF31A /* zh-Hans */ = {isa = PBXFileReference; lastKnownFileType = text.plist.strings; name = "zh-Hans"; path = "zh-Hans.lproj/Localizable.strings"; sourceTree = "<group>"; };
		18C050DB21BD766500FCF31A /* heibanbao.TTF */ = {isa = PBXFileReference; lastKnownFileType = file; path = heibanbao.TTF; sourceTree = "<group>"; };
		18C050E021BD7D9400FCF31A /* en */ = {isa = PBXFileReference; lastKnownFileType = text.plist.strings; name = en; path = en.lproj/InfoPlist.strings; sourceTree = "<group>"; };
		18C050E221BD7D9600FCF31A /* zh-Hans */ = {isa = PBXFileReference; lastKnownFileType = text.plist.strings; name = "zh-Hans"; path = "zh-Hans.lproj/InfoPlist.strings"; sourceTree = "<group>"; };
		18D1673421BE35D60052FC07 /* LanguageConfigurationView.swift */ = {isa = PBXFileReference; lastKnownFileType = sourcecode.swift; path = LanguageConfigurationView.swift; sourceTree = "<group>"; };
		18D1673721BE35FE0052FC07 /* LanguageOptionalTable.swift */ = {isa = PBXFileReference; lastKnownFileType = sourcecode.swift; path = LanguageOptionalTable.swift; sourceTree = "<group>"; };
		18D1673921BE372F0052FC07 /* AllLanguage.swift */ = {isa = PBXFileReference; lastKnownFileType = sourcecode.swift; path = AllLanguage.swift; sourceTree = "<group>"; };
		18D7E2EE21B8048F00C5C966 /* WallView.swift */ = {isa = PBXFileReference; lastKnownFileType = sourcecode.swift; path = WallView.swift; sourceTree = "<group>"; };
		18D7E2F021B8F35600C5C966 /* Theme.swift */ = {isa = PBXFileReference; lastKnownFileType = sourcecode.swift; path = Theme.swift; sourceTree = "<group>"; };
		18D7E30421B95C3400C5C966 /* xindi.TTF */ = {isa = PBXFileReference; lastKnownFileType = file; path = xindi.TTF; sourceTree = "<group>"; };
		18D7E30621B95D7B00C5C966 /* myWorld.TTF */ = {isa = PBXFileReference; lastKnownFileType = file; path = myWorld.TTF; sourceTree = "<group>"; };
		18D7E30821B95F8200C5C966 /* taotao.TTF */ = {isa = PBXFileReference; lastKnownFileType = file; path = taotao.TTF; sourceTree = "<group>"; };
		18DEA53821BFBB6A000A0C65 /* hanyi.TTF */ = {isa = PBXFileReference; lastKnownFileType = file; path = hanyi.TTF; sourceTree = "<group>"; };
		18E455EA21B77AEE00C9315D /* NoteWall.swift */ = {isa = PBXFileReference; lastKnownFileType = sourcecode.swift; path = NoteWall.swift; sourceTree = "<group>"; };
/* End PBXFileReference section */

/* Begin PBXFrameworksBuildPhase section */
		180CDFF121B653C000D8EC17 /* Frameworks */ = {
			isa = PBXFrameworksBuildPhase;
			buildActionMask = 2147483647;
			files = (
			);
			runOnlyForDeploymentPostprocessing = 0;
		};
/* End PBXFrameworksBuildPhase section */

/* Begin PBXGroup section */
		1800154D21C266CE008E0652 /* Memory Wall */ = {
			isa = PBXGroup;
			children = (
				1800154921C266BA008E0652 /* MemoryView.swift */,
				1800154B21C266CA008E0652 /* MemoryTable.swift */,
			);
			path = "Memory Wall";
			sourceTree = "<group>";
		};
		180CDFEB21B653C000D8EC17 = {
			isa = PBXGroup;
			children = (
				18C050E121BD7D9400FCF31A /* InfoPlist.strings */,
				18C050D921BD5F6200FCF31A /* Localizable.strings */,
				180CDFF621B653C000D8EC17 /* Yue Dong Note */,
				180CDFF521B653C000D8EC17 /* Products */,
			);
			sourceTree = "<group>";
		};
		180CDFF521B653C000D8EC17 /* Products */ = {
			isa = PBXGroup;
			children = (
				180CDFF421B653C000D8EC17 /* Yeah Done!.app */,
			);
			name = Products;
			sourceTree = "<group>";
		};
		180CDFF621B653C000D8EC17 /* Yue Dong Note */ = {
			isa = PBXGroup;
			children = (
				18D7E30021B959BB00C5C966 /* Font */,
				180CDFFB21B653C000D8EC17 /* Main.storyboard */,
				180CE00321B653C000D8EC17 /* Info.plist */,
				18D7E2F321B91EDC00C5C966 /* Model */,
				18D7E2F921B938A200C5C966 /* Controller and View */,
				180CE00921B653D000D8EC17 /* Supporting Files */,
			);
			path = "Yue Dong Note";
			sourceTree = "<group>";
		};
		180CE00921B653D000D8EC17 /* Supporting Files */ = {
			isa = PBXGroup;
			children = (
				180CDFF721B653C000D8EC17 /* AppDelegate.swift */,
				180CDFFE21B653C000D8EC17 /* Assets.xcassets */,
				180CE00021B653C000D8EC17 /* LaunchScreen.storyboard */,
			);
			path = "Supporting Files";
			sourceTree = "<group>";
		};
		185EF2C321BC247400D98E29 /* Wall View */ = {
			isa = PBXGroup;
			children = (
				18D7E2EE21B8048F00C5C966 /* WallView.swift */,
				18B287C121B6AC0B0059A007 /* DragNoteView.swift */,
				1824802721BA397F008EA58C /* CoverView.swift */,
			);
			path = "Wall View";
			sourceTree = "<group>";
		};
		185EF2C421BC262100D98E29 /* Background Configuration */ = {
			isa = PBXGroup;
			children = (
				185EF2C521BC266A00D98E29 /* BackgroundConfigurationView.swift */,
				1824802921BA3D63008EA58C /* BackgroundOptionalTable.swift */,
			);
			path = "Background Configuration";
			sourceTree = "<group>";
		};
		185EF2CB21BC2AD600D98E29 /* Main */ = {
			isa = PBXGroup;
			children = (
				185EF2C921BC2A8100D98E29 /* RightMenuMainView.swift */,
			);
			path = Main;
			sourceTree = "<group>";
		};
		185EF2D221BCDB0200D98E29 /* Font Configuration */ = {
			isa = PBXGroup;
			children = (
				185EF2D021BCDAFF00D98E29 /* FontConfigurationView.swift */,
				185EF2D521BCE38800D98E29 /* FontOptionalTable.swift */,
			);
			path = "Font Configuration";
			sourceTree = "<group>";
		};
		1868A4B221C3A7F6009B316F /* Share */ = {
			isa = PBXGroup;
			children = (
				1868A4AE21C3A7E1009B316F /* ShareView.swift */,
			);
			path = Share;
			sourceTree = "<group>";
		};
		1896069021BEC43300D7504A /* Recycle Bin */ = {
			isa = PBXGroup;
			children = (
				1896068C21BEC3CB00D7504A /* RecycleBinView.swift */,
				1896068E21BEC41300D7504A /* RecycleBinTable.swift */,
			);
			path = "Recycle Bin";
			sourceTree = "<group>";
		};
		18C050CE21BD30B700FCF31A /* Note Background Configuration */ = {
			isa = PBXGroup;
			children = (
				18C050CC21BD30A600FCF31A /* NoteBackgroundConfigurationView.swift */,
				18C050CF21BD311E00FCF31A /* NoteBackgroundOptionalTable.swift */,
			);
			path = "Note Background Configuration";
			sourceTree = "<group>";
		};
		18D1673621BE35DA0052FC07 /* Language Configuration */ = {
			isa = PBXGroup;
			children = (
				18D1673421BE35D60052FC07 /* LanguageConfigurationView.swift */,
				18D1673721BE35FE0052FC07 /* LanguageOptionalTable.swift */,
			);
			path = "Language Configuration";
			sourceTree = "<group>";
		};
		18D6EEA421BB9EFF00C4C3A5 /* Right Menu View */ = {
			isa = PBXGroup;
			children = (
				1824802521BA2289008EA58C /* RightMenuView.swift */,
				185EF2CE21BC36D100D98E29 /* RightMenuBranchView.swift */,
				18C050D121BD3C2200FCF31A /* RightMenuLabel.swift */,
				185EF2CC21BC2D9F00D98E29 /* RightMenuButton.swift */,
				185EF2D721BCE40600D98E29 /* RightMenuTable.swift */,
				185EF2CB21BC2AD600D98E29 /* Main */,
				185EF2C421BC262100D98E29 /* Background Configuration */,
				1868A4B221C3A7F6009B316F /* Share */,
				185EF2D221BCDB0200D98E29 /* Font Configuration */,
				18C050CE21BD30B700FCF31A /* Note Background Configuration */,
				18D1673621BE35DA0052FC07 /* Language Configuration */,
				1896069021BEC43300D7504A /* Recycle Bin */,
				1800154D21C266CE008E0652 /* Memory Wall */,
			);
			path = "Right Menu View";
			sourceTree = "<group>";
		};
		18D7E2F221B91EAC00C5C966 /* DragNoteWall */ = {
			isa = PBXGroup;
			children = (
				18B287BF21B6ABA80059A007 /* DragNoteViewController.swift */,
				185EF2C121BC16DB00D98E29 /* RootView.swift */,
				185EF2C321BC247400D98E29 /* Wall View */,
				18D6EEA421BB9EFF00C4C3A5 /* Right Menu View */,
			);
			path = DragNoteWall;
			sourceTree = "<group>";
		};
		18D7E2F321B91EDC00C5C966 /* Model */ = {
			isa = PBXGroup;
			children = (
				18B287C321B6E4E70059A007 /* Note.swift */,
				18E455EA21B77AEE00C9315D /* NoteWall.swift */,
				18D7E2F021B8F35600C5C966 /* Theme.swift */,
				1896069121BEC52800D7504A /* RecycleBin.swift */,
				185EF2D921BCE5FA00D98E29 /* TableData.swift */,
				1824802B21BA462E008EA58C /* AllWallBackground.swift */,
				185EF2D321BCE09400D98E29 /* AllFont.swift */,
				18C050CA21BD2FF400FCF31A /* AllNoteBackground.swift */,
				18D1673921BE372F0052FC07 /* AllLanguage.swift */,
			);
			path = Model;
			sourceTree = "<group>";
		};
		18D7E2F921B938A200C5C966 /* Controller and View */ = {
			isa = PBXGroup;
			children = (
				18D7E2F221B91EAC00C5C966 /* DragNoteWall */,
			);
			path = "Controller and View";
			sourceTree = "<group>";
		};
		18D7E30021B959BB00C5C966 /* Font */ = {
			isa = PBXGroup;
			children = (
				18DEA53821BFBB6A000A0C65 /* hanyi.TTF */,
				18C050DB21BD766500FCF31A /* heibanbao.TTF */,
				18D7E30821B95F8200C5C966 /* taotao.TTF */,
				18D7E30621B95D7B00C5C966 /* myWorld.TTF */,
				18D7E30421B95C3400C5C966 /* xindi.TTF */,
			);
			path = Font;
			sourceTree = "<group>";
		};
/* End PBXGroup section */

/* Begin PBXNativeTarget section */
		180CDFF321B653C000D8EC17 /* Yeah Done! */ = {
			isa = PBXNativeTarget;
			buildConfigurationList = 180CE00621B653C000D8EC17 /* Build configuration list for PBXNativeTarget "Yeah Done!" */;
			buildPhases = (
				180CDFF021B653C000D8EC17 /* Sources */,
				180CDFF121B653C000D8EC17 /* Frameworks */,
				180CDFF221B653C000D8EC17 /* Resources */,
			);
			buildRules = (
			);
			dependencies = (
			);
			name = "Yeah Done!";
			productName = "Yue Dong Note";
			productReference = 180CDFF421B653C000D8EC17 /* Yeah Done!.app */;
			productType = "com.apple.product-type.application";
		};
/* End PBXNativeTarget section */

/* Begin PBXProject section */
		180CDFEC21B653C000D8EC17 /* Project object */ = {
			isa = PBXProject;
			attributes = {
				LastSwiftUpdateCheck = 1010;
				LastUpgradeCheck = 1010;
				ORGANIZATIONNAME = Young;
				TargetAttributes = {
					180CDFF321B653C000D8EC17 = {
						CreatedOnToolsVersion = 10.1;
					};
				};
			};
			buildConfigurationList = 180CDFEF21B653C000D8EC17 /* Build configuration list for PBXProject "Yeah Done!" */;
			compatibilityVersion = "Xcode 9.3";
			developmentRegion = en;
			hasScannedForEncodings = 0;
			knownRegions = (
				en,
				Base,
				"zh-Hans",
				ja,
				"zh-Hant",
			);
			mainGroup = 180CDFEB21B653C000D8EC17;
			productRefGroup = 180CDFF521B653C000D8EC17 /* Products */;
			projectDirPath = "";
			projectRoot = "";
			targets = (
				180CDFF321B653C000D8EC17 /* Yeah Done! */,
			);
		};
/* End PBXProject section */

/* Begin PBXResourcesBuildPhase section */
		180CDFF221B653C000D8EC17 /* Resources */ = {
			isa = PBXResourcesBuildPhase;
			buildActionMask = 2147483647;
			files = (
				180CE00221B653C000D8EC17 /* LaunchScreen.storyboard in Resources */,
				18D7E30721B95D7B00C5C966 /* myWorld.TTF in Resources */,
				18C050DC21BD766500FCF31A /* heibanbao.TTF in Resources */,
				18D7E30921B95F8200C5C966 /* taotao.TTF in Resources */,
				18DEA53921BFBB6A000A0C65 /* hanyi.TTF in Resources */,
				18C050D721BD5F6200FCF31A /* Localizable.strings in Resources */,
				18D7E30521B95C3400C5C966 /* xindi.TTF in Resources */,
				180CDFFF21B653C000D8EC17 /* Assets.xcassets in Resources */,
				18C050DF21BD7D9400FCF31A /* InfoPlist.strings in Resources */,
				180CDFFD21B653C000D8EC17 /* Main.storyboard in Resources */,
			);
			runOnlyForDeploymentPostprocessing = 0;
		};
/* End PBXResourcesBuildPhase section */

/* Begin PBXSourcesBuildPhase section */
		180CDFF021B653C000D8EC17 /* Sources */ = {
			isa = PBXSourcesBuildPhase;
			buildActionMask = 2147483647;
			files = (
				18C050D021BD311E00FCF31A /* NoteBackgroundOptionalTable.swift in Sources */,
				18D1673521BE35D60052FC07 /* LanguageConfigurationView.swift in Sources */,
				18D1673A21BE372F0052FC07 /* AllLanguage.swift in Sources */,
				18B287C421B6E4E70059A007 /* Note.swift in Sources */,
				18E455EB21B77AEE00C9315D /* NoteWall.swift in Sources */,
				18D1673821BE35FE0052FC07 /* LanguageOptionalTable.swift in Sources */,
				1868A4AF21C3A7E1009B316F /* ShareView.swift in Sources */,
				1824802C21BA462E008EA58C /* AllWallBackground.swift in Sources */,
				18C050D221BD3C2200FCF31A /* RightMenuLabel.swift in Sources */,
				1800154C21C266CA008E0652 /* MemoryTable.swift in Sources */,
				185EF2CF21BC36D100D98E29 /* RightMenuBranchView.swift in Sources */,
				1896069221BEC52800D7504A /* RecycleBin.swift in Sources */,
				1896068D21BEC3CB00D7504A /* RecycleBinView.swift in Sources */,
				18B287C221B6AC0B0059A007 /* DragNoteView.swift in Sources */,
				185EF2C221BC16DB00D98E29 /* RootView.swift in Sources */,
				185EF2CA21BC2A8100D98E29 /* RightMenuMainView.swift in Sources */,
				180CDFF821B653C000D8EC17 /* AppDelegate.swift in Sources */,
				18D7E2EF21B8048F00C5C966 /* WallView.swift in Sources */,
				1824802821BA397F008EA58C /* CoverView.swift in Sources */,
				185EF2D821BCE40600D98E29 /* RightMenuTable.swift in Sources */,
				185EF2C621BC266A00D98E29 /* BackgroundConfigurationView.swift in Sources */,
				18C050CD21BD30A600FCF31A /* NoteBackgroundConfigurationView.swift in Sources */,
				18B287C021B6ABA80059A007 /* DragNoteViewController.swift in Sources */,
				1824802A21BA3D63008EA58C /* BackgroundOptionalTable.swift in Sources */,
				18D7E2F121B8F35600C5C966 /* Theme.swift in Sources */,
				1896068F21BEC41300D7504A /* RecycleBinTable.swift in Sources */,
				18C050CB21BD2FF400FCF31A /* AllNoteBackground.swift in Sources */,
				185EF2D421BCE09400D98E29 /* AllFont.swift in Sources */,
				185EF2D621BCE38800D98E29 /* FontOptionalTable.swift in Sources */,
				1824802621BA2289008EA58C /* RightMenuView.swift in Sources */,
				185EF2DA21BCE5FA00D98E29 /* TableData.swift in Sources */,
				185EF2D121BCDAFF00D98E29 /* FontConfigurationView.swift in Sources */,
				185EF2CD21BC2D9F00D98E29 /* RightMenuButton.swift in Sources */,
				1800154A21C266BA008E0652 /* MemoryView.swift in Sources */,
			);
			runOnlyForDeploymentPostprocessing = 0;
		};
/* End PBXSourcesBuildPhase section */

/* Begin PBXVariantGroup section */
		180CDFFB21B653C000D8EC17 /* Main.storyboard */ = {
			isa = PBXVariantGroup;
			children = (
				180CDFFC21B653C000D8EC17 /* Base */,
			);
			name = Main.storyboard;
			sourceTree = "<group>";
		};
		180CE00021B653C000D8EC17 /* LaunchScreen.storyboard */ = {
			isa = PBXVariantGroup;
			children = (
				180CE00121B653C000D8EC17 /* Base */,
			);
			name = LaunchScreen.storyboard;
			sourceTree = "<group>";
		};
		18C050D921BD5F6200FCF31A /* Localizable.strings */ = {
			isa = PBXVariantGroup;
			children = (
				18C050D821BD5F6200FCF31A /* en */,
				18C050DA21BD5FAD00FCF31A /* zh-Hans */,
				18807D6C21BE8F830014FA23 /* ja */,
				18807D6E21BE9B630014FA23 /* zh-Hant */,
			);
			name = Localizable.strings;
			sourceTree = "<group>";
		};
		18C050E121BD7D9400FCF31A /* InfoPlist.strings */ = {
			isa = PBXVariantGroup;
			children = (
				18C050E021BD7D9400FCF31A /* en */,
				18C050E221BD7D9600FCF31A /* zh-Hans */,
				18807D6B21BE8F830014FA23 /* ja */,
				18807D6D21BE9B630014FA23 /* zh-Hant */,
			);
			name = InfoPlist.strings;
			sourceTree = "<group>";
		};
/* End PBXVariantGroup section */

/* Begin XCBuildConfiguration section */
		180CE00421B653C000D8EC17 /* Debug */ = {
			isa = XCBuildConfiguration;
			buildSettings = {
				ALWAYS_SEARCH_USER_PATHS = NO;
				CLANG_ANALYZER_LOCALIZABILITY_NONLOCALIZED = YES;
				CLANG_ANALYZER_NONNULL = YES;
				CLANG_ANALYZER_NUMBER_OBJECT_CONVERSION = YES_AGGRESSIVE;
				CLANG_CXX_LANGUAGE_STANDARD = "gnu++14";
				CLANG_CXX_LIBRARY = "libc++";
				CLANG_ENABLE_MODULES = YES;
				CLANG_ENABLE_OBJC_ARC = YES;
				CLANG_ENABLE_OBJC_WEAK = YES;
				CLANG_WARN_BLOCK_CAPTURE_AUTORELEASING = YES;
				CLANG_WARN_BOOL_CONVERSION = YES;
				CLANG_WARN_COMMA = YES;
				CLANG_WARN_CONSTANT_CONVERSION = YES;
				CLANG_WARN_DEPRECATED_OBJC_IMPLEMENTATIONS = YES;
				CLANG_WARN_DIRECT_OBJC_ISA_USAGE = YES_ERROR;
				CLANG_WARN_DOCUMENTATION_COMMENTS = YES;
				CLANG_WARN_EMPTY_BODY = YES;
				CLANG_WARN_ENUM_CONVERSION = YES;
				CLANG_WARN_INFINITE_RECURSION = YES;
				CLANG_WARN_INT_CONVERSION = YES;
				CLANG_WARN_NON_LITERAL_NULL_CONVERSION = YES;
				CLANG_WARN_OBJC_IMPLICIT_RETAIN_SELF = YES;
				CLANG_WARN_OBJC_LITERAL_CONVERSION = YES;
				CLANG_WARN_OBJC_ROOT_CLASS = YES_ERROR;
				CLANG_WARN_RANGE_LOOP_ANALYSIS = YES;
				CLANG_WARN_STRICT_PROTOTYPES = YES;
				CLANG_WARN_SUSPICIOUS_MOVE = YES;
				CLANG_WARN_UNGUARDED_AVAILABILITY = YES_AGGRESSIVE;
				CLANG_WARN_UNREACHABLE_CODE = YES;
				CLANG_WARN__DUPLICATE_METHOD_MATCH = YES;
				CODE_SIGN_IDENTITY = "iPhone Developer";
				COPY_PHASE_STRIP = NO;
				DEBUG_INFORMATION_FORMAT = dwarf;
				ENABLE_STRICT_OBJC_MSGSEND = YES;
				ENABLE_TESTABILITY = YES;
				GCC_C_LANGUAGE_STANDARD = gnu11;
				GCC_DYNAMIC_NO_PIC = NO;
				GCC_NO_COMMON_BLOCKS = YES;
				GCC_OPTIMIZATION_LEVEL = 0;
				GCC_PREPROCESSOR_DEFINITIONS = (
					"DEBUG=1",
					"$(inherited)",
				);
				GCC_WARN_64_TO_32_BIT_CONVERSION = YES;
				GCC_WARN_ABOUT_RETURN_TYPE = YES_ERROR;
				GCC_WARN_UNDECLARED_SELECTOR = YES;
				GCC_WARN_UNINITIALIZED_AUTOS = YES_AGGRESSIVE;
				GCC_WARN_UNUSED_FUNCTION = YES;
				GCC_WARN_UNUSED_VARIABLE = YES;
				IPHONEOS_DEPLOYMENT_TARGET = 11.0;
				MTL_ENABLE_DEBUG_INFO = INCLUDE_SOURCE;
				MTL_FAST_MATH = YES;
				ONLY_ACTIVE_ARCH = YES;
				SDKROOT = iphoneos;
				SWIFT_ACTIVE_COMPILATION_CONDITIONS = DEBUG;
				SWIFT_OPTIMIZATION_LEVEL = "-Onone";
			};
			name = Debug;
		};
		180CE00521B653C000D8EC17 /* Release */ = {
			isa = XCBuildConfiguration;
			buildSettings = {
				ALWAYS_SEARCH_USER_PATHS = NO;
				CLANG_ANALYZER_LOCALIZABILITY_NONLOCALIZED = YES;
				CLANG_ANALYZER_NONNULL = YES;
				CLANG_ANALYZER_NUMBER_OBJECT_CONVERSION = YES_AGGRESSIVE;
				CLANG_CXX_LANGUAGE_STANDARD = "gnu++14";
				CLANG_CXX_LIBRARY = "libc++";
				CLANG_ENABLE_MODULES = YES;
				CLANG_ENABLE_OBJC_ARC = YES;
				CLANG_ENABLE_OBJC_WEAK = YES;
				CLANG_WARN_BLOCK_CAPTURE_AUTORELEASING = YES;
				CLANG_WARN_BOOL_CONVERSION = YES;
				CLANG_WARN_COMMA = YES;
				CLANG_WARN_CONSTANT_CONVERSION = YES;
				CLANG_WARN_DEPRECATED_OBJC_IMPLEMENTATIONS = YES;
				CLANG_WARN_DIRECT_OBJC_ISA_USAGE = YES_ERROR;
				CLANG_WARN_DOCUMENTATION_COMMENTS = YES;
				CLANG_WARN_EMPTY_BODY = YES;
				CLANG_WARN_ENUM_CONVERSION = YES;
				CLANG_WARN_INFINITE_RECURSION = YES;
				CLANG_WARN_INT_CONVERSION = YES;
				CLANG_WARN_NON_LITERAL_NULL_CONVERSION = YES;
				CLANG_WARN_OBJC_IMPLICIT_RETAIN_SELF = YES;
				CLANG_WARN_OBJC_LITERAL_CONVERSION = YES;
				CLANG_WARN_OBJC_ROOT_CLASS = YES_ERROR;
				CLANG_WARN_RANGE_LOOP_ANALYSIS = YES;
				CLANG_WARN_STRICT_PROTOTYPES = YES;
				CLANG_WARN_SUSPICIOUS_MOVE = YES;
				CLANG_WARN_UNGUARDED_AVAILABILITY = YES_AGGRESSIVE;
				CLANG_WARN_UNREACHABLE_CODE = YES;
				CLANG_WARN__DUPLICATE_METHOD_MATCH = YES;
				CODE_SIGN_IDENTITY = "iPhone Developer";
				COPY_PHASE_STRIP = NO;
				DEBUG_INFORMATION_FORMAT = "dwarf-with-dsym";
				ENABLE_NS_ASSERTIONS = NO;
				ENABLE_STRICT_OBJC_MSGSEND = YES;
				GCC_C_LANGUAGE_STANDARD = gnu11;
				GCC_NO_COMMON_BLOCKS = YES;
				GCC_WARN_64_TO_32_BIT_CONVERSION = YES;
				GCC_WARN_ABOUT_RETURN_TYPE = YES_ERROR;
				GCC_WARN_UNDECLARED_SELECTOR = YES;
				GCC_WARN_UNINITIALIZED_AUTOS = YES_AGGRESSIVE;
				GCC_WARN_UNUSED_FUNCTION = YES;
				GCC_WARN_UNUSED_VARIABLE = YES;
				IPHONEOS_DEPLOYMENT_TARGET = 11.0;
				MTL_ENABLE_DEBUG_INFO = NO;
				MTL_FAST_MATH = YES;
				SDKROOT = iphoneos;
				SWIFT_COMPILATION_MODE = wholemodule;
				SWIFT_OPTIMIZATION_LEVEL = "-O";
				VALIDATE_PRODUCT = YES;
			};
			name = Release;
		};
		180CE00721B653C000D8EC17 /* Debug */ = {
			isa = XCBuildConfiguration;
			buildSettings = {
				ASSETCATALOG_COMPILER_APPICON_NAME = AppIcon;
				CODE_SIGN_STYLE = Automatic;
				DEVELOPMENT_TEAM = QNNNA39DX6;
				INFOPLIST_FILE = "Yue Dong Note/Info.plist";
				IPHONEOS_DEPLOYMENT_TARGET = 11.0;
				LD_RUNPATH_SEARCH_PATHS = (
					"$(inherited)",
					"@executable_path/Frameworks",
				);
				PRODUCT_BUNDLE_IDENTIFIER = "Young.Yue-Dong-Note";
				PRODUCT_NAME = "$(TARGET_NAME)";
				SWIFT_VERSION = 4.2;
				TARGETED_DEVICE_FAMILY = "1,2";
			};
			name = Debug;
		};
		180CE00821B653C000D8EC17 /* Release */ = {
			isa = XCBuildConfiguration;
			buildSettings = {
				ASSETCATALOG_COMPILER_APPICON_NAME = AppIcon;
				CODE_SIGN_STYLE = Automatic;
				DEVELOPMENT_TEAM = QNNNA39DX6;
				INFOPLIST_FILE = "Yue Dong Note/Info.plist";
				IPHONEOS_DEPLOYMENT_TARGET = 11.0;
				LD_RUNPATH_SEARCH_PATHS = (
					"$(inherited)",
					"@executable_path/Frameworks",
				);
				PRODUCT_BUNDLE_IDENTIFIER = "Young.Yue-Dong-Note";
				PRODUCT_NAME = "$(TARGET_NAME)";
				SWIFT_VERSION = 4.2;
				TARGETED_DEVICE_FAMILY = "1,2";
			};
			name = Release;
		};
/* End XCBuildConfiguration section */

/* Begin XCConfigurationList section */
		180CDFEF21B653C000D8EC17 /* Build configuration list for PBXProject "Yeah Done!" */ = {
			isa = XCConfigurationList;
			buildConfigurations = (
				180CE00421B653C000D8EC17 /* Debug */,
				180CE00521B653C000D8EC17 /* Release */,
			);
			defaultConfigurationIsVisible = 0;
			defaultConfigurationName = Release;
		};
		180CE00621B653C000D8EC17 /* Build configuration list for PBXNativeTarget "Yeah Done!" */ = {
			isa = XCConfigurationList;
			buildConfigurations = (
				180CE00721B653C000D8EC17 /* Debug */,
				180CE00821B653C000D8EC17 /* Release */,
			);
			defaultConfigurationIsVisible = 0;
			defaultConfigurationName = Release;
		};
/* End XCConfigurationList section */
	};
	rootObject = 180CDFEC21B653C000D8EC17 /* Project object */;
}
